
Microsoft Visual Studio Solution File, Format Version 12.00
# Visual Studio 14
VisualStudioVersion = 14.0.24720.0
MinimumVisualStudioVersion = 10.0.40219.1
Project("{FAE04EC0-301F-11D3-BF4B-00C04F79EFBC}") = "NhaTrangIzi.Droid", "NhaTrangIzi\NhaTrangIzi.Droid\NhaTrangIzi.Droid.csproj", "{9FD5170E-0CFC-41E2-BA65-231172189559}"
EndProject
Project("{FAE04EC0-301F-11D3-BF4B-00C04F79EFBC}") = "NhaTrangIzi.iOS", "NhaTrangIzi\NhaTrangIzi.iOS\NhaTrangIzi.iOS.csproj", "{5BBC91B7-E3F7-4EC2-ABA2-E5435326DC8A}"
EndProject
Project("{FAE04EC0-301F-11D3-BF4B-00C04F79EFBC}") = "NhaTrangIzi.WinPhone", "NhaTrangIzi\NhaTrangIzi.WinPhone\NhaTrangIzi.WinPhone.csproj", "{F737B16D-E39A-4AC2-9B7C-E2B1A6468790}"
EndProject
Project("{FAE04EC0-301F-11D3-BF4B-00C04F79EFBC}") = "NhaTrangIzi", "NhaTrangIzi\NhaTrangIzi\NhaTrangIzi.csproj", "{6D340FAC-5335-435B-B5D5-007504004343}"
EndProject
Global
	GlobalSection(SolutionConfigurationPlatforms) = preSolution
		Ad-Hoc|Any CPU = Ad-Hoc|Any CPU
		Ad-Hoc|ARM = Ad-Hoc|ARM
		Ad-Hoc|iPhone = Ad-Hoc|iPhone
		Ad-Hoc|iPhoneSimulator = Ad-Hoc|iPhoneSimulator
		Ad-Hoc|x86 = Ad-Hoc|x86
		AppStore|Any CPU = AppStore|Any CPU
		AppStore|ARM = AppStore|ARM
		AppStore|iPhone = AppStore|iPhone
		AppStore|iPhoneSimulator = AppStore|iPhoneSimulator
		AppStore|x86 = AppStore|x86
		Debug|Any CPU = Debug|Any CPU
		Debug|ARM = Debug|ARM
		Debug|iPhone = Debug|iPhone
		Debug|iPhoneSimulator = Debug|iPhoneSimulator
		Debug|x86 = Debug|x86
		Release|Any CPU = Release|Any CPU
		Release|ARM = Release|ARM
		Release|iPhone = Release|iPhone
		Release|iPhoneSimulator = Release|iPhoneSimulator
		Release|x86 = Release|x86
	EndGlobalSection
	GlobalSection(ProjectConfigurationPlatforms) = postSolution
		{9FD5170E-0CFC-41E2-BA65-231172189559}.Ad-Hoc|Any CPU.ActiveCfg = Release|Any CPU
		{9FD5170E-0CFC-41E2-BA65-231172189559}.Ad-Hoc|Any CPU.Build.0 = Release|Any CPU
		{9FD5170E-0CFC-41E2-BA65-231172189559}.Ad-Hoc|Any CPU.Deploy.0 = Release|Any CPU
		{9FD5170E-0CFC-41E2-BA65-231172189559}.Ad-Hoc|ARM.ActiveCfg = Release|Any CPU
		{9FD5170E-0CFC-41E2-BA65-231172189559}.Ad-Hoc|ARM.Build.0 = Release|Any CPU
		{9FD5170E-0CFC-41E2-BA65-231172189559}.Ad-Hoc|ARM.Deploy.0 = Release|Any CPU
		{9FD5170E-0CFC-41E2-BA65-231172189559}.Ad-Hoc|iPhone.ActiveCfg = Release|Any CPU
		{9FD5170E-0CFC-41E2-BA65-231172189559}.Ad-Hoc|iPhone.Build.0 = Release|Any CPU
		{9FD5170E-0CFC-41E2-BA65-231172189559}.Ad-Hoc|iPhone.Deploy.0 = Release|Any CPU
		{9FD5170E-0CFC-41E2-BA65-231172189559}.Ad-Hoc|iPhoneSimulator.ActiveCfg = Release|Any CPU
		{9FD5170E-0CFC-41E2-BA65-231172189559}.Ad-Hoc|iPhoneSimulator.Build.0 = Release|Any CPU
		{9FD5170E-0CFC-41E2-BA65-231172189559}.Ad-Hoc|iPhoneSimulator.Deploy.0 = Release|Any CPU
		{9FD5170E-0CFC-41E2-BA65-231172189559}.Ad-Hoc|x86.ActiveCfg = Release|Any CPU
		{9FD5170E-0CFC-41E2-BA65-231172189559}.Ad-Hoc|x86.Build.0 = Release|Any CPU
		{9FD5170E-0CFC-41E2-BA65-231172189559}.Ad-Hoc|x86.Deploy.0 = Release|Any CPU
		{9FD5170E-0CFC-41E2-BA65-231172189559}.AppStore|Any CPU.ActiveCfg = Release|Any CPU
		{9FD5170E-0CFC-41E2-BA65-231172189559}.AppStore|Any CPU.Build.0 = Release|Any CPU
		{9FD5170E-0CFC-41E2-BA65-231172189559}.AppStore|Any CPU.Deploy.0 = Release|Any CPU
		{9FD5170E-0CFC-41E2-BA65-231172189559}.AppStore|ARM.ActiveCfg = Release|Any CPU
		{9FD5170E-0CFC-41E2-BA65-231172189559}.AppStore|ARM.Build.0 = Release|Any CPU
		{9FD5170E-0CFC-41E2-BA65-231172189559}.AppStore|ARM.Deploy.0 = Release|Any CPU
		{9FD5170E-0CFC-41E2-BA65-231172189559}.AppStore|iPhone.ActiveCfg = Release|Any CPU
		{9FD5170E-0CFC-41E2-BA65-231172189559}.AppStore|iPhone.Build.0 = Release|Any CPU
		{9FD5170E-0CFC-41E2-BA65-231172189559}.AppStore|iPhone.Deploy.0 = Release|Any CPU
		{9FD5170E-0CFC-41E2-BA65-231172189559}.AppStore|iPhoneSimulator.ActiveCfg = Release|Any CPU
		{9FD5170E-0CFC-41E2-BA65-231172189559}.AppStore|iPhoneSimulator.Build.0 = Release|Any CPU
		{9FD5170E-0CFC-41E2-BA65-231172189559}.AppStore|iPhoneSimulator.Deploy.0 = Release|Any CPU
		{9FD5170E-0CFC-41E2-BA65-231172189559}.AppStore|x86.ActiveCfg = Release|Any CPU
		{9FD5170E-0CFC-41E2-BA65-231172189559}.AppStore|x86.Build.0 = Release|Any CPU
		{9FD5170E-0CFC-41E2-BA65-231172189559}.AppStore|x86.Deploy.0 = Release|Any CPU
		{9FD5170E-0CFC-41E2-BA65-231172189559}.Debug|Any CPU.ActiveCfg = Debug|Any CPU
		{9FD5170E-0CFC-41E2-BA65-231172189559}.Debug|Any CPU.Build.0 = Debug|Any CPU
		{9FD5170E-0CFC-41E2-BA65-231172189559}.Debug|Any CPU.Deploy.0 = Debug|Any CPU
		{9FD5170E-0CFC-41E2-BA65-231172189559}.Debug|ARM.ActiveCfg = Debug|Any CPU
		{9FD5170E-0CFC-41E2-BA65-231172189559}.Debug|ARM.Build.0 = Debug|Any CPU
		{9FD5170E-0CFC-41E2-BA65-231172189559}.Debug|ARM.Deploy.0 = Debug|Any CPU
		{9FD5170E-0CFC-41E2-BA65-231172189559}.Debug|iPhone.ActiveCfg = Debug|Any CPU
		{9FD5170E-0CFC-41E2-BA65-231172189559}.Debug|iPhone.Build.0 = Debug|Any CPU
		{9FD5170E-0CFC-41E2-BA65-231172189559}.Debug|iPhone.Deploy.0 = Debug|Any CPU
		{9FD5170E-0CFC-41E2-BA65-231172189559}.Debug|iPhoneSimulator.ActiveCfg = Debug|Any CPU
		{9FD5170E-0CFC-41E2-BA65-231172189559}.Debug|iPhoneSimulator.Build.0 = Debug|Any CPU
		{9FD5170E-0CFC-41E2-BA65-231172189559}.Debug|iPhoneSimulator.Deploy.0 = Debug|Any CPU
		{9FD5170E-0CFC-41E2-BA65-231172189559}.Debug|x86.ActiveCfg = Debug|Any CPU
		{9FD5170E-0CFC-41E2-BA65-231172189559}.Debug|x86.Build.0 = Debug|Any CPU
		{9FD5170E-0CFC-41E2-BA65-231172189559}.Debug|x86.Deploy.0 = Debug|Any CPU
		{9FD5170E-0CFC-41E2-BA65-231172189559}.Release|Any CPU.ActiveCfg = Release|Any CPU
		{9FD5170E-0CFC-41E2-BA65-231172189559}.Release|Any CPU.Build.0 = Release|Any CPU
		{9FD5170E-0CFC-41E2-BA65-231172189559}.Release|Any CPU.Deploy.0 = Release|Any CPU
		{9FD5170E-0CFC-41E2-BA65-231172189559}.Release|ARM.ActiveCfg = Release|Any CPU
		{9FD5170E-0CFC-41E2-BA65-231172189559}.Release|ARM.Build.0 = Release|Any CPU
		{9FD5170E-0CFC-41E2-BA65-231172189559}.Release|ARM.Deploy.0 = Release|Any CPU
		{9FD5170E-0CFC-41E2-BA65-231172189559}.Release|iPhone.ActiveCfg = Release|Any CPU
		{9FD5170E-0CFC-41E2-BA65-231172189559}.Release|iPhone.Build.0 = Release|Any CPU
		{9FD5170E-0CFC-41E2-BA65-231172189559}.Release|iPhone.Deploy.0 = Release|Any CPU
		{9FD5170E-0CFC-41E2-BA65-231172189559}.Release|iPhoneSimulator.ActiveCfg = Release|Any CPU
		{9FD5170E-0CFC-41E2-BA65-231172189559}.Release|iPhoneSimulator.Build.0 = Release|Any CPU
		{9FD5170E-0CFC-41E2-BA65-231172189559}.Release|iPhoneSimulator.Deploy.0 = Release|Any CPU
		{9FD5170E-0CFC-41E2-BA65-231172189559}.Release|x86.ActiveCfg = Release|Any CPU
		{9FD5170E-0CFC-41E2-BA65-231172189559}.Release|x86.Build.0 = Release|Any CPU
		{9FD5170E-0CFC-41E2-BA65-231172189559}.Release|x86.Deploy.0 = Release|Any CPU
		{5BBC91B7-E3F7-4EC2-ABA2-E5435326DC8A}.Ad-Hoc|Any CPU.ActiveCfg = Ad-Hoc|iPhone
		{5BBC91B7-E3F7-4EC2-ABA2-E5435326DC8A}.Ad-Hoc|ARM.ActiveCfg = Ad-Hoc|iPhone
		{5BBC91B7-E3F7-4EC2-ABA2-E5435326DC8A}.Ad-Hoc|iPhone.ActiveCfg = Ad-Hoc|iPhone
		{5BBC91B7-E3F7-4EC2-ABA2-E5435326DC8A}.Ad-Hoc|iPhone.Build.0 = Ad-Hoc|iPhone
		{5BBC91B7-E3F7-4EC2-ABA2-E5435326DC8A}.Ad-Hoc|iPhoneSimulator.ActiveCfg = Ad-Hoc|iPhoneSimulator
		{5BBC91B7-E3F7-4EC2-ABA2-E5435326DC8A}.Ad-Hoc|iPhoneSimulator.Build.0 = Ad-Hoc|iPhoneSimulator
		{5BBC91B7-E3F7-4EC2-ABA2-E5435326DC8A}.Ad-Hoc|x86.ActiveCfg = Ad-Hoc|iPhone
		{5BBC91B7-E3F7-4EC2-ABA2-E5435326DC8A}.AppStore|Any CPU.ActiveCfg = AppStore|iPhone
		{5BBC91B7-E3F7-4EC2-ABA2-E5435326DC8A}.AppStore|ARM.ActiveCfg = AppStore|iPhone
		{5BBC91B7-E3F7-4EC2-ABA2-E5435326DC8A}.AppStore|iPhone.ActiveCfg = AppStore|iPhone
		{5BBC91B7-E3F7-4EC2-ABA2-E5435326DC8A}.AppStore|iPhone.Build.0 = AppStore|iPhone
		{5BBC91B7-E3F7-4EC2-ABA2-E5435326DC8A}.AppStore|iPhoneSimulator.ActiveCfg = AppStore|iPhoneSimulator
		{5BBC91B7-E3F7-4EC2-ABA2-E5435326DC8A}.AppStore|iPhoneSimulator.Build.0 = AppStore|iPhoneSimulator
		{5BBC91B7-E3F7-4EC2-ABA2-E5435326DC8A}.AppStore|x86.ActiveCfg = AppStore|iPhone
		{5BBC91B7-E3F7-4EC2-ABA2-E5435326DC8A}.Debug|Any CPU.ActiveCfg = Debug|iPhone
		{5BBC91B7-E3F7-4EC2-ABA2-E5435326DC8A}.Debug|ARM.ActiveCfg = Debug|iPhone
		{5BBC91B7-E3F7-4EC2-ABA2-E5435326DC8A}.Debug|iPhone.ActiveCfg = Debug|iPhone
		{5BBC91B7-E3F7-4EC2-ABA2-E5435326DC8A}.Debug|iPhone.Build.0 = Debug|iPhone
		{5BBC91B7-E3F7-4EC2-ABA2-E5435326DC8A}.Debug|iPhoneSimulator.ActiveCfg = Debug|iPhoneSimulator
		{5BBC91B7-E3F7-4EC2-ABA2-E5435326DC8A}.Debug|iPhoneSimulator.Build.0 = Debug|iPhoneSimulator
		{5BBC91B7-E3F7-4EC2-ABA2-E5435326DC8A}.Debug|x86.ActiveCfg = Debug|iPhone
		{5BBC91B7-E3F7-4EC2-ABA2-E5435326DC8A}.Release|Any CPU.ActiveCfg = Release|iPhone
		{5BBC91B7-E3F7-4EC2-ABA2-E5435326DC8A}.Release|ARM.ActiveCfg = Release|iPhone
		{5BBC91B7-E3F7-4EC2-ABA2-E5435326DC8A}.Release|iPhone.ActiveCfg = Release|iPhone
		{5BBC91B7-E3F7-4EC2-ABA2-E5435326DC8A}.Release|iPhone.Build.0 = Release|iPhone
		{5BBC91B7-E3F7-4EC2-ABA2-E5435326DC8A}.Release|iPhoneSimulator.ActiveCfg = Release|iPhoneSimulator
		{5BBC91B7-E3F7-4EC2-ABA2-E5435326DC8A}.Release|iPhoneSimulator.Build.0 = Release|iPhoneSimulator
		{5BBC91B7-E3F7-4EC2-ABA2-E5435326DC8A}.Release|x86.ActiveCfg = Release|iPhone
		{F737B16D-E39A-4AC2-9B7C-E2B1A6468790}.Ad-Hoc|Any CPU.ActiveCfg = Release|Any CPU
		{F737B16D-E39A-4AC2-9B7C-E2B1A6468790}.Ad-Hoc|Any CPU.Build.0 = Release|Any CPU
		{F737B16D-E39A-4AC2-9B7C-E2B1A6468790}.Ad-Hoc|Any CPU.Deploy.0 = Release|Any CPU
		{F737B16D-E39A-4AC2-9B7C-E2B1A6468790}.Ad-Hoc|ARM.ActiveCfg = Release|ARM
		{F737B16D-E39A-4AC2-9B7C-E2B1A6468790}.Ad-Hoc|ARM.Build.0 = Release|ARM
		{F737B16D-E39A-4AC2-9B7C-E2B1A6468790}.Ad-Hoc|ARM.Deploy.0 = Release|ARM
		{F737B16D-E39A-4AC2-9B7C-E2B1A6468790}.Ad-Hoc|iPhone.ActiveCfg = Release|Any CPU
		{F737B16D-E39A-4AC2-9B7C-E2B1A6468790}.Ad-Hoc|iPhone.Build.0 = Release|Any CPU
		{F737B16D-E39A-4AC2-9B7C-E2B1A6468790}.Ad-Hoc|iPhone.Deploy.0 = Release|Any CPU
		{F737B16D-E39A-4AC2-9B7C-E2B1A6468790}.Ad-Hoc|iPhoneSimulator.ActiveCfg = Release|Any CPU
		{F737B16D-E39A-4AC2-9B7C-E2B1A6468790}.Ad-Hoc|iPhoneSimulator.Build.0 = Release|Any CPU
		{F737B16D-E39A-4AC2-9B7C-E2B1A6468790}.Ad-Hoc|iPhoneSimulator.Deploy.0 = Release|Any CPU
		{F737B16D-E39A-4AC2-9B7C-E2B1A6468790}.Ad-Hoc|x86.ActiveCfg = Release|x86
		{F737B16D-E39A-4AC2-9B7C-E2B1A6468790}.Ad-Hoc|x86.Build.0 = Release|x86
		{F737B16D-E39A-4AC2-9B7C-E2B1A6468790}.Ad-Hoc|x86.Deploy.0 = Release|x86
		{F737B16D-E39A-4AC2-9B7C-E2B1A6468790}.AppStore|Any CPU.ActiveCfg = Release|Any CPU
		{F737B16D-E39A-4AC2-9B7C-E2B1A6468790}.AppStore|Any CPU.Build.0 = Release|Any CPU
		{F737B16D-E39A-4AC2-9B7C-E2B1A6468790}.AppStore|Any CPU.Deploy.0 = Release|Any CPU
		{F737B16D-E39A-4AC2-9B7C-E2B1A6468790}.AppStore|ARM.ActiveCfg = Release|ARM
		{F737B16D-E39A-4AC2-9B7C-E2B1A6468790}.AppStore|ARM.Build.0 = Release|ARM
		{F737B16D-E39A-4AC2-9B7C-E2B1A6468790}.AppStore|ARM.Deploy.0 = Release|ARM
		{F737B16D-E39A-4AC2-9B7C-E2B1A6468790}.AppStore|iPhone.ActiveCfg = Release|Any CPU
		{F737B16D-E39A-4AC2-9B7C-E2B1A6468790}.AppStore|iPhone.Build.0 = Release|Any CPU
		{F737B16D-E39A-4AC2-9B7C-E2B1A6468790}.AppStore|iPhone.Deploy.0 = Release|Any CPU
		{F737B16D-E39A-4AC2-9B7C-E2B1A6468790}.AppStore|iPhoneSimulator.ActiveCfg = Release|Any CPU
		{F737B16D-E39A-4AC2-9B7C-E2B1A6468790}.AppStore|iPhoneSimulator.Build.0 = Release|Any CPU
		{F737B16D-E39A-4AC2-9B7C-E2B1A6468790}.AppStore|iPhoneSimulator.Deploy.0 = Release|Any CPU
		{F737B16D-E39A-4AC2-9B7C-E2B1A6468790}.AppStore|x86.ActiveCfg = Release|x86
		{F737B16D-E39A-4AC2-9B7C-E2B1A6468790}.AppStore|x86.Build.0 = Release|x86
		{F737B16D-E39A-4AC2-9B7C-E2B1A6468790}.AppStore|x86.Deploy.0 = Release|x86
		{F737B16D-E39A-4AC2-9B7C-E2B1A6468790}.Debug|Any CPU.ActiveCfg = Debug|Any CPU
		{F737B16D-E39A-4AC2-9B7C-E2B1A6468790}.Debug|Any CPU.Build.0 = Debug|Any CPU
		{F737B16D-E39A-4AC2-9B7C-E2B1A6468790}.Debug|Any CPU.Deploy.0 = Debug|Any CPU
		{F737B16D-E39A-4AC2-9B7C-E2B1A6468790}.Debug|ARM.ActiveCfg = Debug|ARM
		{F737B16D-E39A-4AC2-9B7C-E2B1A6468790}.Debug|ARM.Build.0 = Debug|ARM
		{F737B16D-E39A-4AC2-9B7C-E2B1A6468790}.Debug|ARM.Deploy.0 = Debug|ARM
		{F737B16D-E39A-4AC2-9B7C-E2B1A6468790}.Debug|iPhone.ActiveCfg = Debug|Any CPU
		{F737B16D-E39A-4AC2-9B7C-E2B1A6468790}.Debug|iPhone.Build.0 = Debug|Any CPU
		{F737B16D-E39A-4AC2-9B7C-E2B1A6468790}.Debug|iPhone.Deploy.0 = Debug|Any CPU
		{F737B16D-E39A-4AC2-9B7C-E2B1A6468790}.Debug|iPhoneSimulator.ActiveCfg = Debug|Any CPU
		{F737B16D-E39A-4AC2-9B7C-E2B1A6468790}.Debug|iPhoneSimulator.Build.0 = Debug|Any CPU
		{F737B16D-E39A-4AC2-9B7C-E2B1A6468790}.Debug|iPhoneSimulator.Deploy.0 = Debug|Any CPU
		{F737B16D-E39A-4AC2-9B7C-E2B1A6468790}.Debug|x86.ActiveCfg = Debug|x86
		{F737B16D-E39A-4AC2-9B7C-E2B1A6468790}.Debug|x86.Build.0 = Debug|x86
		{F737B16D-E39A-4AC2-9B7C-E2B1A6468790}.Debug|x86.Deploy.0 = Debug|x86
		{F737B16D-E39A-4AC2-9B7C-E2B1A6468790}.Release|Any CPU.ActiveCfg = Release|Any CPU
		{F737B16D-E39A-4AC2-9B7C-E2B1A6468790}.Release|Any CPU.Build.0 = Release|Any CPU
		{F737B16D-E39A-4AC2-9B7C-E2B1A6468790}.Release|Any CPU.Deploy.0 = Release|Any CPU
		{F737B16D-E39A-4AC2-9B7C-E2B1A6468790}.Release|ARM.ActiveCfg = Release|ARM
		{F737B16D-E39A-4AC2-9B7C-E2B1A6468790}.Release|ARM.Build.0 = Release|ARM
		{F737B16D-E39A-4AC2-9B7C-E2B1A6468790}.Release|ARM.Deploy.0 = Release|ARM
		{F737B16D-E39A-4AC2-9B7C-E2B1A6468790}.Release|iPhone.ActiveCfg = Release|Any CPU
		{F737B16D-E39A-4AC2-9B7C-E2B1A6468790}.Release|iPhone.Build.0 = Release|Any CPU
		{F737B16D-E39A-4AC2-9B7C-E2B1A6468790}.Release|iPhone.Deploy.0 = Release|Any CPU
		{F737B16D-E39A-4AC2-9B7C-E2B1A6468790}.Release|iPhoneSimulator.ActiveCfg = Release|Any CPU
		{F737B16D-E39A-4AC2-9B7C-E2B1A6468790}.Release|iPhoneSimulator.Build.0 = Release|Any CPU
		{F737B16D-E39A-4AC2-9B7C-E2B1A6468790}.Release|iPhoneSimulator.Deploy.0 = Release|Any CPU
		{F737B16D-E39A-4AC2-9B7C-E2B1A6468790}.Release|x86.ActiveCfg = Release|x86
		{F737B16D-E39A-4AC2-9B7C-E2B1A6468790}.Release|x86.Build.0 = Release|x86
		{F737B16D-E39A-4AC2-9B7C-E2B1A6468790}.Release|x86.Deploy.0 = Release|x86
		{6D340FAC-5335-435B-B5D5-007504004343}.Ad-Hoc|Any CPU.ActiveCfg = Release|Any CPU
		{6D340FAC-5335-435B-B5D5-007504004343}.Ad-Hoc|Any CPU.Build.0 = Release|Any CPU
		{6D340FAC-5335-435B-B5D5-007504004343}.Ad-Hoc|ARM.ActiveCfg = Release|Any CPU
		{6D340FAC-5335-435B-B5D5-007504004343}.Ad-Hoc|ARM.Build.0 = Release|Any CPU
		{6D340FAC-5335-435B-B5D5-007504004343}.Ad-Hoc|iPhone.ActiveCfg = Release|Any CPU
		{6D340FAC-5335-435B-B5D5-007504004343}.Ad-Hoc|iPhone.Build.0 = Release|Any CPU
		{6D340FAC-5335-435B-B5D5-007504004343}.Ad-Hoc|iPhoneSimulator.ActiveCfg = Release|Any CPU
		{6D340FAC-5335-435B-B5D5-007504004343}.Ad-Hoc|iPhoneSimulator.Build.0 = Release|Any CPU
		{6D340FAC-5335-435B-B5D5-007504004343}.Ad-Hoc|x86.ActiveCfg = Release|Any CPU
		{6D340FAC-5335-435B-B5D5-007504004343}.Ad-Hoc|x86.Build.0 = Release|Any CPU
		{6D340FAC-5335-435B-B5D5-007504004343}.AppStore|Any CPU.ActiveCfg = Release|Any CPU
		{6D340FAC-5335-435B-B5D5-007504004343}.AppStore|Any CPU.Build.0 = Release|Any CPU
		{6D340FAC-5335-435B-B5D5-007504004343}.AppStore|ARM.ActiveCfg = Release|Any CPU
		{6D340FAC-5335-435B-B5D5-007504004343}.AppStore|ARM.Build.0 = Release|Any CPU
		{6D340FAC-5335-435B-B5D5-007504004343}.AppStore|iPhone.ActiveCfg = Release|Any CPU
		{6D340FAC-5335-435B-B5D5-007504004343}.AppStore|iPhone.Build.0 = Release|Any CPU
		{6D340FAC-5335-435B-B5D5-007504004343}.AppStore|iPhoneSimulator.ActiveCfg = Release|Any CPU
		{6D340FAC-5335-435B-B5D5-007504004343}.AppStore|iPhoneSimulator.Build.0 = Release|Any CPU
		{6D340FAC-5335-435B-B5D5-007504004343}.AppStore|x86.ActiveCfg = Release|Any CPU
		{6D340FAC-5335-435B-B5D5-007504004343}.AppStore|x86.Build.0 = Release|Any CPU
		{6D340FAC-5335-435B-B5D5-007504004343}.Debug|Any CPU.ActiveCfg = Debug|Any CPU
		{6D340FAC-5335-435B-B5D5-007504004343}.Debug|Any CPU.Build.0 = Debug|Any CPU
		{6D340FAC-5335-435B-B5D5-007504004343}.Debug|ARM.ActiveCfg = Debug|Any CPU
		{6D340FAC-5335-435B-B5D5-007504004343}.Debug|ARM.Build.0 = Debug|Any CPU
		{6D340FAC-5335-435B-B5D5-007504004343}.Debug|iPhone.ActiveCfg = Debug|Any CPU
		{6D340FAC-5335-435B-B5D5-007504004343}.Debug|iPhone.Build.0 = Debug|Any CPU
		{6D340FAC-5335-435B-B5D5-007504004343}.Debug|iPhoneSimulator.ActiveCfg = Debug|Any CPU
		{6D340FAC-5335-435B-B5D5-007504004343}.Debug|iPhoneSimulator.Build.0 = Debug|Any CPU
		{6D340FAC-5335-435B-B5D5-007504004343}.Debug|x86.ActiveCfg = Debug|Any CPU
		{6D340FAC-5335-435B-B5D5-007504004343}.Debug|x86.Build.0 = Debug|Any CPU
		{6D340FAC-5335-435B-B5D5-007504004343}.Release|Any CPU.ActiveCfg = Release|Any CPU
		{6D340FAC-5335-435B-B5D5-007504004343}.Release|Any CPU.Build.0 = Release|Any CPU
		{6D340FAC-5335-435B-B5D5-007504004343}.Release|ARM.ActiveCfg = Release|Any CPU
		{6D340FAC-5335-435B-B5D5-007504004343}.Release|ARM.Build.0 = Release|Any CPU
		{6D340FAC-5335-435B-B5D5-007504004343}.Release|iPhone.ActiveCfg = Release|Any CPU
		{6D340FAC-5335-435B-B5D5-007504004343}.Release|iPhone.Build.0 = Release|Any CPU
		{6D340FAC-5335-435B-B5D5-007504004343}.Release|iPhoneSimulator.ActiveCfg = Release|Any CPU
		{6D340FAC-5335-435B-B5D5-007504004343}.Release|iPhoneSimulator.Build.0 = Release|Any CPU
		{6D340FAC-5335-435B-B5D5-007504004343}.Release|x86.ActiveCfg = Release|Any CPU
		{6D340FAC-5335-435B-B5D5-007504004343}.Release|x86.Build.0 = Release|Any CPU
	EndGlobalSection
	GlobalSection(SolutionProperties) = preSolution
		HideSolutionNode = FALSE
	EndGlobalSection
EndGlobal
